// !$*UTF8*$!
{
	archiveVersion = 1;
	classes = {
	};
	objectVersion = 46;
	objects = {

/* Begin PBXBuildFile section */
		D1182E662759263B00CF30C9 /* Package.swift in Sources */ = {isa = PBXBuildFile; fileRef = D1182E652759263B00CF30C9 /* Package.swift */; };
		D16301AF275933B500395629 /* RichEditorView-Bridging-Header.h in Headers */ = {isa = PBXBuildFile; fileRef = D1630166275933B500395629 /* RichEditorView-Bridging-Header.h */; };
		D16301B0275933B500395629 /* RichEditorView.swift in Sources */ = {isa = PBXBuildFile; fileRef = D1630168275933B500395629 /* RichEditorView.swift */; };
		D16301B1275933B500395629 /* String+Extensions.swift in Sources */ = {isa = PBXBuildFile; fileRef = D1630169275933B500395629 /* String+Extensions.swift */; };
		D16301B2275933B500395629 /* UIColor+Extensions.swift in Sources */ = {isa = PBXBuildFile; fileRef = D163016A275933B500395629 /* UIColor+Extensions.swift */; };
		D16301B3275933B500395629 /* RichEditorToolbar.swift in Sources */ = {isa = PBXBuildFile; fileRef = D163016B275933B500395629 /* RichEditorToolbar.swift */; };
		D16301B4275933B500395629 /* UIWebView+Extensions.swift in Sources */ = {isa = PBXBuildFile; fileRef = D163016C275933B500395629 /* UIWebView+Extensions.swift */; };
		D16301B5275933B500395629 /* RichEditorOptionItem.swift in Sources */ = {isa = PBXBuildFile; fileRef = D163016D275933B500395629 /* RichEditorOptionItem.swift */; };
		D16301B6275933B500395629 /* UIView+Responder.swift in Sources */ = {isa = PBXBuildFile; fileRef = D163016E275933B500395629 /* UIView+Responder.swift */; };
		D16301B7275933B500395629 /* RichEditorView.h in Headers */ = {isa = PBXBuildFile; fileRef = D163016F275933B500395629 /* RichEditorView.h */; };
		D16301B8275933B500395629 /* h2@2x.png in Resources */ = {isa = PBXBuildFile; fileRef = D1630172275933B500395629 /* h2@2x.png */; };
		D16301B9275933B500395629 /* outdent.png in Resources */ = {isa = PBXBuildFile; fileRef = D1630173275933B500395629 /* outdent.png */; };
		D16301BA275933B500395629 /* text_color@2x.png in Resources */ = {isa = PBXBuildFile; fileRef = D1630174275933B500395629 /* text_color@2x.png */; };
		D16301BB275933B500395629 /* bg_color.png in Resources */ = {isa = PBXBuildFile; fileRef = D1630175275933B500395629 /* bg_color.png */; };
		D16301BC275933B500395629 /* bold.png in Resources */ = {isa = PBXBuildFile; fileRef = D1630176275933B500395629 /* bold.png */; };
		D16301BD275933B500395629 /* indent.png in Resources */ = {isa = PBXBuildFile; fileRef = D1630177275933B500395629 /* indent.png */; };
		D16301BE275933B500395629 /* unordered_list@2x.png in Resources */ = {isa = PBXBuildFile; fileRef = D1630178275933B500395629 /* unordered_list@2x.png */; };
		D16301BF275933B500395629 /* indent@2x.png in Resources */ = {isa = PBXBuildFile; fileRef = D1630179275933B500395629 /* indent@2x.png */; };
		D16301C0275933B500395629 /* justify_center@2x.png in Resources */ = {isa = PBXBuildFile; fileRef = D163017A275933B500395629 /* justify_center@2x.png */; };
		D16301C1275933B500395629 /* insert_image.png in Resources */ = {isa = PBXBuildFile; fileRef = D163017B275933B500395629 /* insert_image.png */; };
		D16301C2275933B500395629 /* ordered_list@2x.png in Resources */ = {isa = PBXBuildFile; fileRef = D163017C275933B500395629 /* ordered_list@2x.png */; };
		D16301C3275933B500395629 /* clear.png in Resources */ = {isa = PBXBuildFile; fileRef = D163017D275933B500395629 /* clear.png */; };
		D16301C4275933B500395629 /* underline@2x.png in Resources */ = {isa = PBXBuildFile; fileRef = D163017E275933B500395629 /* underline@2x.png */; };
		D16301C5275933B500395629 /* strikethrough.png in Resources */ = {isa = PBXBuildFile; fileRef = D163017F275933B500395629 /* strikethrough.png */; };
		D16301C6275933B500395629 /* h4@2x.png in Resources */ = {isa = PBXBuildFile; fileRef = D1630180275933B500395629 /* h4@2x.png */; };
		D16301C7275933B500395629 /* ordered_list.png in Resources */ = {isa = PBXBuildFile; fileRef = D1630181275933B500395629 /* ordered_list.png */; };
		D16301C8275933B500395629 /* h6@2x.png in Resources */ = {isa = PBXBuildFile; fileRef = D1630182275933B500395629 /* h6@2x.png */; };
		D16301C9275933B500395629 /* justify_right@2x.png in Resources */ = {isa = PBXBuildFile; fileRef = D1630183275933B500395629 /* justify_right@2x.png */; };
		D16301CA275933B500395629 /* subscript.png in Resources */ = {isa = PBXBuildFile; fileRef = D1630184275933B500395629 /* subscript.png */; };
		D16301CB275933B500395629 /* underline.png in Resources */ = {isa = PBXBuildFile; fileRef = D1630185275933B500395629 /* underline.png */; };
		D16301CC275933B500395629 /* h5.png in Resources */ = {isa = PBXBuildFile; fileRef = D1630186275933B500395629 /* h5.png */; };
		D16301CD275933B500395629 /* outdent@2x.png in Resources */ = {isa = PBXBuildFile; fileRef = D1630187275933B500395629 /* outdent@2x.png */; };
		D16301CE275933B500395629 /* superscript@2x.png in Resources */ = {isa = PBXBuildFile; fileRef = D1630188275933B500395629 /* superscript@2x.png */; };
		D16301CF275933B500395629 /* h4.png in Resources */ = {isa = PBXBuildFile; fileRef = D1630189275933B500395629 /* h4.png */; };
		D16301D0275933B500395629 /* h6.png in Resources */ = {isa = PBXBuildFile; fileRef = D163018A275933B500395629 /* h6.png */; };
		D16301D1275933B500395629 /* strikethrough@2x.png in Resources */ = {isa = PBXBuildFile; fileRef = D163018B275933B500395629 /* strikethrough@2x.png */; };
		D16301D2275933B500395629 /* h3@2x.png in Resources */ = {isa = PBXBuildFile; fileRef = D163018C275933B500395629 /* h3@2x.png */; };
		D16301D3275933B500395629 /* h3.png in Resources */ = {isa = PBXBuildFile; fileRef = D163018D275933B500395629 /* h3.png */; };
		D16301D4275933B500395629 /* undo@2x.png in Resources */ = {isa = PBXBuildFile; fileRef = D163018E275933B500395629 /* undo@2x.png */; };
		D16301D5275933B500395629 /* h1@2x.png in Resources */ = {isa = PBXBuildFile; fileRef = D163018F275933B500395629 /* h1@2x.png */; };
		D16301D6275933B500395629 /* italic.png in Resources */ = {isa = PBXBuildFile; fileRef = D1630190275933B500395629 /* italic.png */; };
		D16301D7275933B500395629 /* insert_link.png in Resources */ = {isa = PBXBuildFile; fileRef = D1630191275933B500395629 /* insert_link.png */; };
		D16301D8275933B500395629 /* h2.png in Resources */ = {isa = PBXBuildFile; fileRef = D1630192275933B500395629 /* h2.png */; };
		D16301D9275933B500395629 /* undo.png in Resources */ = {isa = PBXBuildFile; fileRef = D1630193275933B500395629 /* undo.png */; };
		D16301DA275933B500395629 /* h1.png in Resources */ = {isa = PBXBuildFile; fileRef = D1630194275933B500395629 /* h1.png */; };
		D16301DB275933B500395629 /* insert_link@2x.png in Resources */ = {isa = PBXBuildFile; fileRef = D1630195275933B500395629 /* insert_link@2x.png */; };
		D16301DC275933B500395629 /* bold@2x.png in Resources */ = {isa = PBXBuildFile; fileRef = D1630196275933B500395629 /* bold@2x.png */; };
		D16301DD275933B500395629 /* italic@2x.png in Resources */ = {isa = PBXBuildFile; fileRef = D1630197275933B500395629 /* italic@2x.png */; };
		D16301DE275933B500395629 /* justify_center.png in Resources */ = {isa = PBXBuildFile; fileRef = D1630198275933B500395629 /* justify_center.png */; };
		D16301DF275933B500395629 /* h5@2x.png in Resources */ = {isa = PBXBuildFile; fileRef = D1630199275933B500395629 /* h5@2x.png */; };
		D16301E0275933B500395629 /* clear@2x.png in Resources */ = {isa = PBXBuildFile; fileRef = D163019A275933B500395629 /* clear@2x.png */; };
		D16301E1275933B500395629 /* subscript@2x.png in Resources */ = {isa = PBXBuildFile; fileRef = D163019B275933B500395629 /* subscript@2x.png */; };
		D16301E2275933B500395629 /* redo@2x.png in Resources */ = {isa = PBXBuildFile; fileRef = D163019C275933B500395629 /* redo@2x.png */; };
		D16301E3275933B500395629 /* justify_right.png in Resources */ = {isa = PBXBuildFile; fileRef = D163019D275933B500395629 /* justify_right.png */; };
		D16301E4275933B500395629 /* redo.png in Resources */ = {isa = PBXBuildFile; fileRef = D163019E275933B500395629 /* redo.png */; };
		D16301E5275933B500395629 /* unordered_list.png in Resources */ = {isa = PBXBuildFile; fileRef = D163019F275933B500395629 /* unordered_list.png */; };
		D16301E6275933B500395629 /* superscript.png in Resources */ = {isa = PBXBuildFile; fileRef = D16301A0275933B500395629 /* superscript.png */; };
		D16301E7275933B500395629 /* insert_image@2x.png in Resources */ = {isa = PBXBuildFile; fileRef = D16301A1275933B500395629 /* insert_image@2x.png */; };
		D16301E8275933B500395629 /* text_color.png in Resources */ = {isa = PBXBuildFile; fileRef = D16301A2275933B500395629 /* text_color.png */; };
		D16301E9275933B500395629 /* justify_left.png in Resources */ = {isa = PBXBuildFile; fileRef = D16301A3275933B500395629 /* justify_left.png */; };
		D16301EA275933B500395629 /* justify_left@2x.png in Resources */ = {isa = PBXBuildFile; fileRef = D16301A4275933B500395629 /* justify_left@2x.png */; };
		D16301EB275933B500395629 /* bg_color@2x.png in Resources */ = {isa = PBXBuildFile; fileRef = D16301A5275933B500395629 /* bg_color@2x.png */; };
		D16301EC275933B500395629 /* rich_editor_tests.js in Resources */ = {isa = PBXBuildFile; fileRef = D16301A7275933B500395629 /* rich_editor_tests.js */; };
		D16301ED275933B500395629 /* assert.js in Resources */ = {isa = PBXBuildFile; fileRef = D16301A8275933B500395629 /* assert.js */; };
		D16301EE275933B500395629 /* rich_editor.js in Resources */ = {isa = PBXBuildFile; fileRef = D16301A9275933B500395629 /* rich_editor.js */; };
		D16301EF275933B500395629 /* rich_editor_tests.html in Resources */ = {isa = PBXBuildFile; fileRef = D16301AA275933B500395629 /* rich_editor_tests.html */; };
		D16301F0275933B500395629 /* rich_editor.html in Resources */ = {isa = PBXBuildFile; fileRef = D16301AB275933B500395629 /* rich_editor.html */; };
		D16301F1275933B500395629 /* style.css in Resources */ = {isa = PBXBuildFile; fileRef = D16301AC275933B500395629 /* style.css */; };
		D16301F2275933B500395629 /* normalize.css in Resources */ = {isa = PBXBuildFile; fileRef = D16301AD275933B500395629 /* normalize.css */; };
		D16301F3275933B500395629 /* Info.plist in Resources */ = {isa = PBXBuildFile; fileRef = D16301AE275933B500395629 /* Info.plist */; };
		FBA6AB051AD3EC9F00721644 /* RichEditorView.framework in Frameworks */ = {isa = PBXBuildFile; fileRef = FBA6AAF91AD3EC9F00721644 /* RichEditorView.framework */; };
		FBA6AB0C1AD3EC9F00721644 /* RichEditorViewTests.swift in Sources */ = {isa = PBXBuildFile; fileRef = FBA6AB0B1AD3EC9F00721644 /* RichEditorViewTests.swift */; };
		FBA6ABC51AD3FD2E00721644 /* UIKit.framework in Frameworks */ = {isa = PBXBuildFile; fileRef = FBA6ABC41AD3FD2E00721644 /* UIKit.framework */; };
/* End PBXBuildFile section */

/* Begin PBXContainerItemProxy section */
		FBA6AB061AD3EC9F00721644 /* PBXContainerItemProxy */ = {
			isa = PBXContainerItemProxy;
			containerPortal = FBA6AAF01AD3EC9F00721644 /* Project object */;
			proxyType = 1;
			remoteGlobalIDString = FBA6AAF81AD3EC9F00721644;
			remoteInfo = RichEditorView;
		};
/* End PBXContainerItemProxy section */

/* Begin PBXFileReference section */
		D1182E652759263B00CF30C9 /* Package.swift */ = {isa = PBXFileReference; lastKnownFileType = sourcecode.swift; path = Package.swift; sourceTree = "<group>"; };
		D1630166275933B500395629 /* RichEditorView-Bridging-Header.h */ = {isa = PBXFileReference; fileEncoding = 4; lastKnownFileType = sourcecode.c.h; path = "RichEditorView-Bridging-Header.h"; sourceTree = "<group>"; };
		D1630168275933B500395629 /* RichEditorView.swift */ = {isa = PBXFileReference; fileEncoding = 4; lastKnownFileType = sourcecode.swift; path = RichEditorView.swift; sourceTree = "<group>"; };
		D1630169275933B500395629 /* String+Extensions.swift */ = {isa = PBXFileReference; fileEncoding = 4; lastKnownFileType = sourcecode.swift; path = "String+Extensions.swift"; sourceTree = "<group>"; };
		D163016A275933B500395629 /* UIColor+Extensions.swift */ = {isa = PBXFileReference; fileEncoding = 4; lastKnownFileType = sourcecode.swift; path = "UIColor+Extensions.swift"; sourceTree = "<group>"; };
		D163016B275933B500395629 /* RichEditorToolbar.swift */ = {isa = PBXFileReference; fileEncoding = 4; lastKnownFileType = sourcecode.swift; path = RichEditorToolbar.swift; sourceTree = "<group>"; };
		D163016C275933B500395629 /* UIWebView+Extensions.swift */ = {isa = PBXFileReference; fileEncoding = 4; lastKnownFileType = sourcecode.swift; path = "UIWebView+Extensions.swift"; sourceTree = "<group>"; };
		D163016D275933B500395629 /* RichEditorOptionItem.swift */ = {isa = PBXFileReference; fileEncoding = 4; lastKnownFileType = sourcecode.swift; path = RichEditorOptionItem.swift; sourceTree = "<group>"; };
		D163016E275933B500395629 /* UIView+Responder.swift */ = {isa = PBXFileReference; fileEncoding = 4; lastKnownFileType = sourcecode.swift; path = "UIView+Responder.swift"; sourceTree = "<group>"; };
		D163016F275933B500395629 /* RichEditorView.h */ = {isa = PBXFileReference; fileEncoding = 4; lastKnownFileType = sourcecode.c.h; path = RichEditorView.h; sourceTree = "<group>"; };
		D1630172275933B500395629 /* h2@2x.png */ = {isa = PBXFileReference; lastKnownFileType = image.png; path = "h2@2x.png"; sourceTree = "<group>"; };
		D1630173275933B500395629 /* outdent.png */ = {isa = PBXFileReference; lastKnownFileType = image.png; path = outdent.png; sourceTree = "<group>"; };
		D1630174275933B500395629 /* text_color@2x.png */ = {isa = PBXFileReference; lastKnownFileType = image.png; path = "text_color@2x.png"; sourceTree = "<group>"; };
		D1630175275933B500395629 /* bg_color.png */ = {isa = PBXFileReference; lastKnownFileType = image.png; path = bg_color.png; sourceTree = "<group>"; };
		D1630176275933B500395629 /* bold.png */ = {isa = PBXFileReference; lastKnownFileType = image.png; path = bold.png; sourceTree = "<group>"; };
		D1630177275933B500395629 /* indent.png */ = {isa = PBXFileReference; lastKnownFileType = image.png; path = indent.png; sourceTree = "<group>"; };
		D1630178275933B500395629 /* unordered_list@2x.png */ = {isa = PBXFileReference; lastKnownFileType = image.png; path = "unordered_list@2x.png"; sourceTree = "<group>"; };
		D1630179275933B500395629 /* indent@2x.png */ = {isa = PBXFileReference; lastKnownFileType = image.png; path = "indent@2x.png"; sourceTree = "<group>"; };
		D163017A275933B500395629 /* justify_center@2x.png */ = {isa = PBXFileReference; lastKnownFileType = image.png; path = "justify_center@2x.png"; sourceTree = "<group>"; };
		D163017B275933B500395629 /* insert_image.png */ = {isa = PBXFileReference; lastKnownFileType = image.png; path = insert_image.png; sourceTree = "<group>"; };
		D163017C275933B500395629 /* ordered_list@2x.png */ = {isa = PBXFileReference; lastKnownFileType = image.png; path = "ordered_list@2x.png"; sourceTree = "<group>"; };
		D163017D275933B500395629 /* clear.png */ = {isa = PBXFileReference; lastKnownFileType = image.png; path = clear.png; sourceTree = "<group>"; };
		D163017E275933B500395629 /* underline@2x.png */ = {isa = PBXFileReference; lastKnownFileType = image.png; path = "underline@2x.png"; sourceTree = "<group>"; };
		D163017F275933B500395629 /* strikethrough.png */ = {isa = PBXFileReference; lastKnownFileType = image.png; path = strikethrough.png; sourceTree = "<group>"; };
		D1630180275933B500395629 /* h4@2x.png */ = {isa = PBXFileReference; lastKnownFileType = image.png; path = "h4@2x.png"; sourceTree = "<group>"; };
		D1630181275933B500395629 /* ordered_list.png */ = {isa = PBXFileReference; lastKnownFileType = image.png; path = ordered_list.png; sourceTree = "<group>"; };
		D1630182275933B500395629 /* h6@2x.png */ = {isa = PBXFileReference; lastKnownFileType = image.png; path = "h6@2x.png"; sourceTree = "<group>"; };
		D1630183275933B500395629 /* justify_right@2x.png */ = {isa = PBXFileReference; lastKnownFileType = image.png; path = "justify_right@2x.png"; sourceTree = "<group>"; };
		D1630184275933B500395629 /* subscript.png */ = {isa = PBXFileReference; lastKnownFileType = image.png; path = subscript.png; sourceTree = "<group>"; };
		D1630185275933B500395629 /* underline.png */ = {isa = PBXFileReference; lastKnownFileType = image.png; path = underline.png; sourceTree = "<group>"; };
		D1630186275933B500395629 /* h5.png */ = {isa = PBXFileReference; lastKnownFileType = image.png; path = h5.png; sourceTree = "<group>"; };
		D1630187275933B500395629 /* outdent@2x.png */ = {isa = PBXFileReference; lastKnownFileType = image.png; path = "outdent@2x.png"; sourceTree = "<group>"; };
		D1630188275933B500395629 /* superscript@2x.png */ = {isa = PBXFileReference; lastKnownFileType = image.png; path = "superscript@2x.png"; sourceTree = "<group>"; };
		D1630189275933B500395629 /* h4.png */ = {isa = PBXFileReference; lastKnownFileType = image.png; path = h4.png; sourceTree = "<group>"; };
		D163018A275933B500395629 /* h6.png */ = {isa = PBXFileReference; lastKnownFileType = image.png; path = h6.png; sourceTree = "<group>"; };
		D163018B275933B500395629 /* strikethrough@2x.png */ = {isa = PBXFileReference; lastKnownFileType = image.png; path = "strikethrough@2x.png"; sourceTree = "<group>"; };
		D163018C275933B500395629 /* h3@2x.png */ = {isa = PBXFileReference; lastKnownFileType = image.png; path = "h3@2x.png"; sourceTree = "<group>"; };
		D163018D275933B500395629 /* h3.png */ = {isa = PBXFileReference; lastKnownFileType = image.png; path = h3.png; sourceTree = "<group>"; };
		D163018E275933B500395629 /* undo@2x.png */ = {isa = PBXFileReference; lastKnownFileType = image.png; path = "undo@2x.png"; sourceTree = "<group>"; };
		D163018F275933B500395629 /* h1@2x.png */ = {isa = PBXFileReference; lastKnownFileType = image.png; path = "h1@2x.png"; sourceTree = "<group>"; };
		D1630190275933B500395629 /* italic.png */ = {isa = PBXFileReference; lastKnownFileType = image.png; path = italic.png; sourceTree = "<group>"; };
		D1630191275933B500395629 /* insert_link.png */ = {isa = PBXFileReference; lastKnownFileType = image.png; path = insert_link.png; sourceTree = "<group>"; };
		D1630192275933B500395629 /* h2.png */ = {isa = PBXFileReference; lastKnownFileType = image.png; path = h2.png; sourceTree = "<group>"; };
		D1630193275933B500395629 /* undo.png */ = {isa = PBXFileReference; lastKnownFileType = image.png; path = undo.png; sourceTree = "<group>"; };
		D1630194275933B500395629 /* h1.png */ = {isa = PBXFileReference; lastKnownFileType = image.png; path = h1.png; sourceTree = "<group>"; };
		D1630195275933B500395629 /* insert_link@2x.png */ = {isa = PBXFileReference; lastKnownFileType = image.png; path = "insert_link@2x.png"; sourceTree = "<group>"; };
		D1630196275933B500395629 /* bold@2x.png */ = {isa = PBXFileReference; lastKnownFileType = image.png; path = "bold@2x.png"; sourceTree = "<group>"; };
		D1630197275933B500395629 /* italic@2x.png */ = {isa = PBXFileReference; lastKnownFileType = image.png; path = "italic@2x.png"; sourceTree = "<group>"; };
		D1630198275933B500395629 /* justify_center.png */ = {isa = PBXFileReference; lastKnownFileType = image.png; path = justify_center.png; sourceTree = "<group>"; };
		D1630199275933B500395629 /* h5@2x.png */ = {isa = PBXFileReference; lastKnownFileType = image.png; path = "h5@2x.png"; sourceTree = "<group>"; };
		D163019A275933B500395629 /* clear@2x.png */ = {isa = PBXFileReference; lastKnownFileType = image.png; path = "clear@2x.png"; sourceTree = "<group>"; };
		D163019B275933B500395629 /* subscript@2x.png */ = {isa = PBXFileReference; lastKnownFileType = image.png; path = "subscript@2x.png"; sourceTree = "<group>"; };
		D163019C275933B500395629 /* redo@2x.png */ = {isa = PBXFileReference; lastKnownFileType = image.png; path = "redo@2x.png"; sourceTree = "<group>"; };
		D163019D275933B500395629 /* justify_right.png */ = {isa = PBXFileReference; lastKnownFileType = image.png; path = justify_right.png; sourceTree = "<group>"; };
		D163019E275933B500395629 /* redo.png */ = {isa = PBXFileReference; lastKnownFileType = image.png; path = redo.png; sourceTree = "<group>"; };
		D163019F275933B500395629 /* unordered_list.png */ = {isa = PBXFileReference; lastKnownFileType = image.png; path = unordered_list.png; sourceTree = "<group>"; };
		D16301A0275933B500395629 /* superscript.png */ = {isa = PBXFileReference; lastKnownFileType = image.png; path = superscript.png; sourceTree = "<group>"; };
		D16301A1275933B500395629 /* insert_image@2x.png */ = {isa = PBXFileReference; lastKnownFileType = image.png; path = "insert_image@2x.png"; sourceTree = "<group>"; };
		D16301A2275933B500395629 /* text_color.png */ = {isa = PBXFileReference; lastKnownFileType = image.png; path = text_color.png; sourceTree = "<group>"; };
		D16301A3275933B500395629 /* justify_left.png */ = {isa = PBXFileReference; lastKnownFileType = image.png; path = justify_left.png; sourceTree = "<group>"; };
		D16301A4275933B500395629 /* justify_left@2x.png */ = {isa = PBXFileReference; lastKnownFileType = image.png; path = "justify_left@2x.png"; sourceTree = "<group>"; };
		D16301A5275933B500395629 /* bg_color@2x.png */ = {isa = PBXFileReference; lastKnownFileType = image.png; path = "bg_color@2x.png"; sourceTree = "<group>"; };
		D16301A7275933B500395629 /* rich_editor_tests.js */ = {isa = PBXFileReference; fileEncoding = 4; lastKnownFileType = sourcecode.javascript; path = rich_editor_tests.js; sourceTree = "<group>"; };
		D16301A8275933B500395629 /* assert.js */ = {isa = PBXFileReference; fileEncoding = 4; lastKnownFileType = sourcecode.javascript; path = assert.js; sourceTree = "<group>"; };
		D16301A9275933B500395629 /* rich_editor.js */ = {isa = PBXFileReference; fileEncoding = 4; lastKnownFileType = sourcecode.javascript; path = rich_editor.js; sourceTree = "<group>"; };
		D16301AA275933B500395629 /* rich_editor_tests.html */ = {isa = PBXFileReference; fileEncoding = 4; lastKnownFileType = text.html; path = rich_editor_tests.html; sourceTree = "<group>"; };
		D16301AB275933B500395629 /* rich_editor.html */ = {isa = PBXFileReference; fileEncoding = 4; lastKnownFileType = text.html; path = rich_editor.html; sourceTree = "<group>"; };
		D16301AC275933B500395629 /* style.css */ = {isa = PBXFileReference; fileEncoding = 4; lastKnownFileType = text.css; path = style.css; sourceTree = "<group>"; };
		D16301AD275933B500395629 /* normalize.css */ = {isa = PBXFileReference; fileEncoding = 4; lastKnownFileType = text.css; path = normalize.css; sourceTree = "<group>"; };
		D16301AE275933B500395629 /* Info.plist */ = {isa = PBXFileReference; fileEncoding = 4; lastKnownFileType = text.plist.xml; path = Info.plist; sourceTree = "<group>"; };
		FBA6AAF91AD3EC9F00721644 /* RichEditorView.framework */ = {isa = PBXFileReference; explicitFileType = wrapper.framework; includeInIndex = 0; path = RichEditorView.framework; sourceTree = BUILT_PRODUCTS_DIR; };
		FBA6AB041AD3EC9F00721644 /* RichEditorViewTests.xctest */ = {isa = PBXFileReference; explicitFileType = wrapper.cfbundle; includeInIndex = 0; path = RichEditorViewTests.xctest; sourceTree = BUILT_PRODUCTS_DIR; };
		FBA6AB0A1AD3EC9F00721644 /* Info.plist */ = {isa = PBXFileReference; lastKnownFileType = text.plist.xml; path = Info.plist; sourceTree = "<group>"; };
		FBA6AB0B1AD3EC9F00721644 /* RichEditorViewTests.swift */ = {isa = PBXFileReference; lastKnownFileType = sourcecode.swift; path = RichEditorViewTests.swift; sourceTree = "<group>"; };
		FBA6ABC41AD3FD2E00721644 /* UIKit.framework */ = {isa = PBXFileReference; lastKnownFileType = wrapper.framework; name = UIKit.framework; path = System/Library/Frameworks/UIKit.framework; sourceTree = SDKROOT; };
/* End PBXFileReference section */

/* Begin PBXFrameworksBuildPhase section */
		FBA6AAF51AD3EC9F00721644 /* Frameworks */ = {
			isa = PBXFrameworksBuildPhase;
			buildActionMask = 2147483647;
			files = (
				FBA6ABC51AD3FD2E00721644 /* UIKit.framework in Frameworks */,
			);
			runOnlyForDeploymentPostprocessing = 0;
		};
		FBA6AB011AD3EC9F00721644 /* Frameworks */ = {
			isa = PBXFrameworksBuildPhase;
			buildActionMask = 2147483647;
			files = (
				FBA6AB051AD3EC9F00721644 /* RichEditorView.framework in Frameworks */,
			);
			runOnlyForDeploymentPostprocessing = 0;
		};
/* End PBXFrameworksBuildPhase section */

/* Begin PBXGroup section */
		D1630165275933B500395629 /* Sources:RichEditorView */ = {
			isa = PBXGroup;
			children = (
				D1630166275933B500395629 /* RichEditorView-Bridging-Header.h */,
				D1630167275933B500395629 /* Classes */,
				D163016F275933B500395629 /* RichEditorView.h */,
				D1630170275933B500395629 /* Assets */,
				D16301AE275933B500395629 /* Info.plist */,
			);
			path = "Sources:RichEditorView";
			sourceTree = "<group>";
		};
		D1630167275933B500395629 /* Classes */ = {
			isa = PBXGroup;
			children = (
				D1630168275933B500395629 /* RichEditorView.swift */,
				D1630169275933B500395629 /* String+Extensions.swift */,
				D163016A275933B500395629 /* UIColor+Extensions.swift */,
				D163016B275933B500395629 /* RichEditorToolbar.swift */,
				D163016C275933B500395629 /* UIWebView+Extensions.swift */,
				D163016D275933B500395629 /* RichEditorOptionItem.swift */,
				D163016E275933B500395629 /* UIView+Responder.swift */,
			);
			path = Classes;
			sourceTree = "<group>";
		};
		D1630170275933B500395629 /* Assets */ = {
			isa = PBXGroup;
			children = (
				D1630171275933B500395629 /* icons */,
				D16301A6275933B500395629 /* editor */,
			);
			path = Assets;
			sourceTree = "<group>";
		};
		D1630171275933B500395629 /* icons */ = {
			isa = PBXGroup;
			children = (
				D1630172275933B500395629 /* h2@2x.png */,
				D1630173275933B500395629 /* outdent.png */,
				D1630174275933B500395629 /* text_color@2x.png */,
				D1630175275933B500395629 /* bg_color.png */,
				D1630176275933B500395629 /* bold.png */,
				D1630177275933B500395629 /* indent.png */,
				D1630178275933B500395629 /* unordered_list@2x.png */,
				D1630179275933B500395629 /* indent@2x.png */,
				D163017A275933B500395629 /* justify_center@2x.png */,
				D163017B275933B500395629 /* insert_image.png */,
				D163017C275933B500395629 /* ordered_list@2x.png */,
				D163017D275933B500395629 /* clear.png */,
				D163017E275933B500395629 /* underline@2x.png */,
				D163017F275933B500395629 /* strikethrough.png */,
				D1630180275933B500395629 /* h4@2x.png */,
				D1630181275933B500395629 /* ordered_list.png */,
				D1630182275933B500395629 /* h6@2x.png */,
				D1630183275933B500395629 /* justify_right@2x.png */,
				D1630184275933B500395629 /* subscript.png */,
				D1630185275933B500395629 /* underline.png */,
				D1630186275933B500395629 /* h5.png */,
				D1630187275933B500395629 /* outdent@2x.png */,
				D1630188275933B500395629 /* superscript@2x.png */,
				D1630189275933B500395629 /* h4.png */,
				D163018A275933B500395629 /* h6.png */,
				D163018B275933B500395629 /* strikethrough@2x.png */,
				D163018C275933B500395629 /* h3@2x.png */,
				D163018D275933B500395629 /* h3.png */,
				D163018E275933B500395629 /* undo@2x.png */,
				D163018F275933B500395629 /* h1@2x.png */,
				D1630190275933B500395629 /* italic.png */,
				D1630191275933B500395629 /* insert_link.png */,
				D1630192275933B500395629 /* h2.png */,
				D1630193275933B500395629 /* undo.png */,
				D1630194275933B500395629 /* h1.png */,
				D1630195275933B500395629 /* insert_link@2x.png */,
				D1630196275933B500395629 /* bold@2x.png */,
				D1630197275933B500395629 /* italic@2x.png */,
				D1630198275933B500395629 /* justify_center.png */,
				D1630199275933B500395629 /* h5@2x.png */,
				D163019A275933B500395629 /* clear@2x.png */,
				D163019B275933B500395629 /* subscript@2x.png */,
				D163019C275933B500395629 /* redo@2x.png */,
				D163019D275933B500395629 /* justify_right.png */,
				D163019E275933B500395629 /* redo.png */,
				D163019F275933B500395629 /* unordered_list.png */,
				D16301A0275933B500395629 /* superscript.png */,
				D16301A1275933B500395629 /* insert_image@2x.png */,
				D16301A2275933B500395629 /* text_color.png */,
				D16301A3275933B500395629 /* justify_left.png */,
				D16301A4275933B500395629 /* justify_left@2x.png */,
				D16301A5275933B500395629 /* bg_color@2x.png */,
			);
			path = icons;
			sourceTree = "<group>";
		};
		D16301A6275933B500395629 /* editor */ = {
			isa = PBXGroup;
			children = (
				D16301A7275933B500395629 /* rich_editor_tests.js */,
				D16301A8275933B500395629 /* assert.js */,
				D16301A9275933B500395629 /* rich_editor.js */,
				D16301AA275933B500395629 /* rich_editor_tests.html */,
				D16301AB275933B500395629 /* rich_editor.html */,
				D16301AC275933B500395629 /* style.css */,
				D16301AD275933B500395629 /* normalize.css */,
			);
			path = editor;
			sourceTree = "<group>";
		};
		FBA6AAEF1AD3EC9F00721644 = {
			isa = PBXGroup;
			children = (
				D1630165275933B500395629 /* Sources:RichEditorView */,
				D1182E652759263B00CF30C9 /* Package.swift */,
				FBA6ABC41AD3FD2E00721644 /* UIKit.framework */,
				FBA6AB081AD3EC9F00721644 /* RichEditorViewTests */,
				FBA6AAFA1AD3EC9F00721644 /* Products */,
			);
			sourceTree = "<group>";
		};
		FBA6AAFA1AD3EC9F00721644 /* Products */ = {
			isa = PBXGroup;
			children = (
				FBA6AAF91AD3EC9F00721644 /* RichEditorView.framework */,
				FBA6AB041AD3EC9F00721644 /* RichEditorViewTests.xctest */,
			);
			name = Products;
			sourceTree = "<group>";
		};
		FBA6AB081AD3EC9F00721644 /* RichEditorViewTests */ = {
			isa = PBXGroup;
			children = (
				FBA6AB0B1AD3EC9F00721644 /* RichEditorViewTests.swift */,
				FBA6AB091AD3EC9F00721644 /* Supporting Files */,
			);
			path = RichEditorViewTests;
			sourceTree = "<group>";
		};
		FBA6AB091AD3EC9F00721644 /* Supporting Files */ = {
			isa = PBXGroup;
			children = (
				FBA6AB0A1AD3EC9F00721644 /* Info.plist */,
			);
			name = "Supporting Files";
			sourceTree = "<group>";
		};
/* End PBXGroup section */

/* Begin PBXHeadersBuildPhase section */
		FBA6AAF61AD3EC9F00721644 /* Headers */ = {
			isa = PBXHeadersBuildPhase;
			buildActionMask = 2147483647;
			files = (
				D16301B7275933B500395629 /* RichEditorView.h in Headers */,
				D16301AF275933B500395629 /* RichEditorView-Bridging-Header.h in Headers */,
			);
			runOnlyForDeploymentPostprocessing = 0;
		};
/* End PBXHeadersBuildPhase section */

/* Begin PBXNativeTarget section */
		FBA6AAF81AD3EC9F00721644 /* RichEditorView */ = {
			isa = PBXNativeTarget;
			buildConfigurationList = FBA6AB0F1AD3EC9F00721644 /* Build configuration list for PBXNativeTarget "RichEditorView" */;
			buildPhases = (
				FBA6AAF41AD3EC9F00721644 /* Sources */,
				FBA6AAF51AD3EC9F00721644 /* Frameworks */,
				FBA6AAF61AD3EC9F00721644 /* Headers */,
				FBA6AAF71AD3EC9F00721644 /* Resources */,
			);
			buildRules = (
			);
			dependencies = (
			);
			name = RichEditorView;
			productName = RichEditorView;
			productReference = FBA6AAF91AD3EC9F00721644 /* RichEditorView.framework */;
			productType = "com.apple.product-type.framework";
		};
		FBA6AB031AD3EC9F00721644 /* RichEditorViewTests */ = {
			isa = PBXNativeTarget;
			buildConfigurationList = FBA6AB121AD3EC9F00721644 /* Build configuration list for PBXNativeTarget "RichEditorViewTests" */;
			buildPhases = (
				FBA6AB001AD3EC9F00721644 /* Sources */,
				FBA6AB011AD3EC9F00721644 /* Frameworks */,
				FBA6AB021AD3EC9F00721644 /* Resources */,
			);
			buildRules = (
			);
			dependencies = (
				FBA6AB071AD3EC9F00721644 /* PBXTargetDependency */,
			);
			name = RichEditorViewTests;
			productName = RichEditorViewTests;
			productReference = FBA6AB041AD3EC9F00721644 /* RichEditorViewTests.xctest */;
			productType = "com.apple.product-type.bundle.unit-test";
		};
/* End PBXNativeTarget section */

/* Begin PBXProject section */
		FBA6AAF01AD3EC9F00721644 /* Project object */ = {
			isa = PBXProject;
			attributes = {
				LastSwiftUpdateCheck = 0710;
				LastUpgradeCheck = 1130;
				TargetAttributes = {
					FBA6AAF81AD3EC9F00721644 = {
						CreatedOnToolsVersion = 6.2;
						LastSwiftMigration = 0800;
					};
					FBA6AB031AD3EC9F00721644 = {
						CreatedOnToolsVersion = 6.2;
						DevelopmentTeam = XATA46WWFJ;
						LastSwiftMigration = 0800;
					};
				};
			};
			buildConfigurationList = FBA6AAF31AD3EC9F00721644 /* Build configuration list for PBXProject "RichEditorView" */;
			compatibilityVersion = "Xcode 3.2";
			developmentRegion = English;
			hasScannedForEncodings = 0;
			knownRegions = (
				English,
				en,
			);
			mainGroup = FBA6AAEF1AD3EC9F00721644;
			productRefGroup = FBA6AAFA1AD3EC9F00721644 /* Products */;
			projectDirPath = "";
			projectRoot = "";
			targets = (
				FBA6AAF81AD3EC9F00721644 /* RichEditorView */,
				FBA6AB031AD3EC9F00721644 /* RichEditorViewTests */,
			);
		};
/* End PBXProject section */

/* Begin PBXResourcesBuildPhase section */
		FBA6AAF71AD3EC9F00721644 /* Resources */ = {
			isa = PBXResourcesBuildPhase;
			buildActionMask = 2147483647;
			files = (
				D16301D3275933B500395629 /* h3.png in Resources */,
				D16301F2275933B500395629 /* normalize.css in Resources */,
				D16301BA275933B500395629 /* text_color@2x.png in Resources */,
				D16301E5275933B500395629 /* unordered_list.png in Resources */,
				D16301EC275933B500395629 /* rich_editor_tests.js in Resources */,
				D16301EB275933B500395629 /* bg_color@2x.png in Resources */,
				D16301F0275933B500395629 /* rich_editor.html in Resources */,
				D16301CC275933B500395629 /* h5.png in Resources */,
				D16301F3275933B500395629 /* Info.plist in Resources */,
				D16301BD275933B500395629 /* indent.png in Resources */,
				D16301D7275933B500395629 /* insert_link.png in Resources */,
				D16301DB275933B500395629 /* insert_link@2x.png in Resources */,
				D16301BE275933B500395629 /* unordered_list@2x.png in Resources */,
				D16301D1275933B500395629 /* strikethrough@2x.png in Resources */,
				D16301C7275933B500395629 /* ordered_list.png in Resources */,
				D16301CF275933B500395629 /* h4.png in Resources */,
				D16301E1275933B500395629 /* subscript@2x.png in Resources */,
				D16301E8275933B500395629 /* text_color.png in Resources */,
				D16301E4275933B500395629 /* redo.png in Resources */,
				D16301C3275933B500395629 /* clear.png in Resources */,
				D16301E0275933B500395629 /* clear@2x.png in Resources */,
				D16301E6275933B500395629 /* superscript.png in Resources */,
				D16301DF275933B500395629 /* h5@2x.png in Resources */,
				D16301C4275933B500395629 /* underline@2x.png in Resources */,
				D16301D4275933B500395629 /* undo@2x.png in Resources */,
				D16301ED275933B500395629 /* assert.js in Resources */,
				D16301CB275933B500395629 /* underline.png in Resources */,
				D16301F1275933B500395629 /* style.css in Resources */,
				D16301CD275933B500395629 /* outdent@2x.png in Resources */,
				D16301D6275933B500395629 /* italic.png in Resources */,
				D16301BC275933B500395629 /* bold.png in Resources */,
				D16301E7275933B500395629 /* insert_image@2x.png in Resources */,
				D16301CE275933B500395629 /* superscript@2x.png in Resources */,
				D16301DC275933B500395629 /* bold@2x.png in Resources */,
				D16301CA275933B500395629 /* subscript.png in Resources */,
				D16301EF275933B500395629 /* rich_editor_tests.html in Resources */,
				D16301C6275933B500395629 /* h4@2x.png in Resources */,
				D16301D8275933B500395629 /* h2.png in Resources */,
				D16301EE275933B500395629 /* rich_editor.js in Resources */,
				D16301DD275933B500395629 /* italic@2x.png in Resources */,
				D16301E9275933B500395629 /* justify_left.png in Resources */,
				D16301DA275933B500395629 /* h1.png in Resources */,
				D16301C9275933B500395629 /* justify_right@2x.png in Resources */,
				D16301D0275933B500395629 /* h6.png in Resources */,
				D16301BF275933B500395629 /* indent@2x.png in Resources */,
				D16301C5275933B500395629 /* strikethrough.png in Resources */,
				D16301D5275933B500395629 /* h1@2x.png in Resources */,
				D16301B8275933B500395629 /* h2@2x.png in Resources */,
				D16301C1275933B500395629 /* insert_image.png in Resources */,
				D16301C8275933B500395629 /* h6@2x.png in Resources */,
				D16301BB275933B500395629 /* bg_color.png in Resources */,
				D16301D9275933B500395629 /* undo.png in Resources */,
				D16301C2275933B500395629 /* ordered_list@2x.png in Resources */,
				D16301D2275933B500395629 /* h3@2x.png in Resources */,
				D16301EA275933B500395629 /* justify_left@2x.png in Resources */,
				D16301E3275933B500395629 /* justify_right.png in Resources */,
				D16301B9275933B500395629 /* outdent.png in Resources */,
				D16301DE275933B500395629 /* justify_center.png in Resources */,
				D16301C0275933B500395629 /* justify_center@2x.png in Resources */,
				D16301E2275933B500395629 /* redo@2x.png in Resources */,
			);
			runOnlyForDeploymentPostprocessing = 0;
		};
		FBA6AB021AD3EC9F00721644 /* Resources */ = {
			isa = PBXResourcesBuildPhase;
			buildActionMask = 2147483647;
			files = (
			);
			runOnlyForDeploymentPostprocessing = 0;
		};
/* End PBXResourcesBuildPhase section */

/* Begin PBXSourcesBuildPhase section */
		FBA6AAF41AD3EC9F00721644 /* Sources */ = {
			isa = PBXSourcesBuildPhase;
			buildActionMask = 2147483647;
			files = (
				D1182E662759263B00CF30C9 /* Package.swift in Sources */,
				D16301B5275933B500395629 /* RichEditorOptionItem.swift in Sources */,
				D16301B3275933B500395629 /* RichEditorToolbar.swift in Sources */,
				D16301B1275933B500395629 /* String+Extensions.swift in Sources */,
				D16301B0275933B500395629 /* RichEditorView.swift in Sources */,
				D16301B2275933B500395629 /* UIColor+Extensions.swift in Sources */,
				D16301B4275933B500395629 /* UIWebView+Extensions.swift in Sources */,
				D16301B6275933B500395629 /* UIView+Responder.swift in Sources */,
			);
			runOnlyForDeploymentPostprocessing = 0;
		};
		FBA6AB001AD3EC9F00721644 /* Sources */ = {
			isa = PBXSourcesBuildPhase;
			buildActionMask = 2147483647;
			files = (
				FBA6AB0C1AD3EC9F00721644 /* RichEditorViewTests.swift in Sources */,
			);
			runOnlyForDeploymentPostprocessing = 0;
		};
/* End PBXSourcesBuildPhase section */

/* Begin PBXTargetDependency section */
		FBA6AB071AD3EC9F00721644 /* PBXTargetDependency */ = {
			isa = PBXTargetDependency;
			target = FBA6AAF81AD3EC9F00721644 /* RichEditorView */;
			targetProxy = FBA6AB061AD3EC9F00721644 /* PBXContainerItemProxy */;
		};
/* End PBXTargetDependency section */

/* Begin XCBuildConfiguration section */
		FBA6AB0D1AD3EC9F00721644 /* Debug */ = {
			isa = XCBuildConfiguration;
			buildSettings = {
				ALWAYS_SEARCH_USER_PATHS = NO;
				CLANG_ANALYZER_LOCALIZABILITY_NONLOCALIZED = YES;
				CLANG_CXX_LANGUAGE_STANDARD = "gnu++0x";
				CLANG_CXX_LIBRARY = "libc++";
				CLANG_ENABLE_MODULES = YES;
				CLANG_ENABLE_OBJC_ARC = YES;
				CLANG_WARN_BLOCK_CAPTURE_AUTORELEASING = YES;
				CLANG_WARN_BOOL_CONVERSION = YES;
				CLANG_WARN_COMMA = YES;
				CLANG_WARN_CONSTANT_CONVERSION = YES;
				CLANG_WARN_DEPRECATED_OBJC_IMPLEMENTATIONS = YES;
				CLANG_WARN_DIRECT_OBJC_ISA_USAGE = YES_ERROR;
				CLANG_WARN_EMPTY_BODY = YES;
				CLANG_WARN_ENUM_CONVERSION = YES;
				CLANG_WARN_INFINITE_RECURSION = YES;
				CLANG_WARN_INT_CONVERSION = YES;
				CLANG_WARN_NON_LITERAL_NULL_CONVERSION = YES;
				CLANG_WARN_OBJC_IMPLICIT_RETAIN_SELF = YES;
				CLANG_WARN_OBJC_LITERAL_CONVERSION = YES;
				CLANG_WARN_OBJC_ROOT_CLASS = YES_ERROR;
				CLANG_WARN_RANGE_LOOP_ANALYSIS = YES;
				CLANG_WARN_STRICT_PROTOTYPES = YES;
				CLANG_WARN_SUSPICIOUS_MOVE = YES;
				CLANG_WARN_UNREACHABLE_CODE = YES;
				CLANG_WARN__DUPLICATE_METHOD_MATCH = YES;
				"CODE_SIGN_IDENTITY[sdk=iphoneos*]" = "iPhone Developer";
				COPY_PHASE_STRIP = NO;
				CURRENT_PROJECT_VERSION = 1;
				ENABLE_STRICT_OBJC_MSGSEND = YES;
				ENABLE_TESTABILITY = YES;
				GCC_C_LANGUAGE_STANDARD = gnu99;
				GCC_DYNAMIC_NO_PIC = NO;
				GCC_NO_COMMON_BLOCKS = YES;
				GCC_OPTIMIZATION_LEVEL = 0;
				GCC_PREPROCESSOR_DEFINITIONS = (
					"DEBUG=1",
					"$(inherited)",
				);
				GCC_SYMBOLS_PRIVATE_EXTERN = NO;
				GCC_WARN_64_TO_32_BIT_CONVERSION = YES;
				GCC_WARN_ABOUT_RETURN_TYPE = YES_ERROR;
				GCC_WARN_UNDECLARED_SELECTOR = YES;
				GCC_WARN_UNINITIALIZED_AUTOS = YES_AGGRESSIVE;
				GCC_WARN_UNUSED_FUNCTION = YES;
				GCC_WARN_UNUSED_VARIABLE = YES;
				IPHONEOS_DEPLOYMENT_TARGET = 8.0;
				MTL_ENABLE_DEBUG_INFO = YES;
				ONLY_ACTIVE_ARCH = YES;
				SDKROOT = iphoneos;
				SWIFT_OPTIMIZATION_LEVEL = "-Onone";
				SWIFT_VERSION = 5.0;
				TARGETED_DEVICE_FAMILY = "1,2";
				VERSIONING_SYSTEM = "apple-generic";
				VERSION_INFO_PREFIX = "";
			};
			name = Debug;
		};
		FBA6AB0E1AD3EC9F00721644 /* Release */ = {
			isa = XCBuildConfiguration;
			buildSettings = {
				ALWAYS_SEARCH_USER_PATHS = NO;
				CLANG_ANALYZER_LOCALIZABILITY_NONLOCALIZED = YES;
				CLANG_CXX_LANGUAGE_STANDARD = "gnu++0x";
				CLANG_CXX_LIBRARY = "libc++";
				CLANG_ENABLE_MODULES = YES;
				CLANG_ENABLE_OBJC_ARC = YES;
				CLANG_WARN_BLOCK_CAPTURE_AUTORELEASING = YES;
				CLANG_WARN_BOOL_CONVERSION = YES;
				CLANG_WARN_COMMA = YES;
				CLANG_WARN_CONSTANT_CONVERSION = YES;
				CLANG_WARN_DEPRECATED_OBJC_IMPLEMENTATIONS = YES;
				CLANG_WARN_DIRECT_OBJC_ISA_USAGE = YES_ERROR;
				CLANG_WARN_EMPTY_BODY = YES;
				CLANG_WARN_ENUM_CONVERSION = YES;
				CLANG_WARN_INFINITE_RECURSION = YES;
				CLANG_WARN_INT_CONVERSION = YES;
				CLANG_WARN_NON_LITERAL_NULL_CONVERSION = YES;
				CLANG_WARN_OBJC_IMPLICIT_RETAIN_SELF = YES;
				CLANG_WARN_OBJC_LITERAL_CONVERSION = YES;
				CLANG_WARN_OBJC_ROOT_CLASS = YES_ERROR;
				CLANG_WARN_RANGE_LOOP_ANALYSIS = YES;
				CLANG_WARN_STRICT_PROTOTYPES = YES;
				CLANG_WARN_SUSPICIOUS_MOVE = YES;
				CLANG_WARN_UNREACHABLE_CODE = YES;
				CLANG_WARN__DUPLICATE_METHOD_MATCH = YES;
				"CODE_SIGN_IDENTITY[sdk=iphoneos*]" = "iPhone Developer";
				COPY_PHASE_STRIP = YES;
				CURRENT_PROJECT_VERSION = 1;
				ENABLE_NS_ASSERTIONS = NO;
				ENABLE_STRICT_OBJC_MSGSEND = YES;
				GCC_C_LANGUAGE_STANDARD = gnu99;
				GCC_NO_COMMON_BLOCKS = YES;
				GCC_WARN_64_TO_32_BIT_CONVERSION = YES;
				GCC_WARN_ABOUT_RETURN_TYPE = YES_ERROR;
				GCC_WARN_UNDECLARED_SELECTOR = YES;
				GCC_WARN_UNINITIALIZED_AUTOS = YES_AGGRESSIVE;
				GCC_WARN_UNUSED_FUNCTION = YES;
				GCC_WARN_UNUSED_VARIABLE = YES;
				IPHONEOS_DEPLOYMENT_TARGET = 8.0;
				MTL_ENABLE_DEBUG_INFO = NO;
				SDKROOT = iphoneos;
				SWIFT_OPTIMIZATION_LEVEL = "-Owholemodule";
				SWIFT_VERSION = 5.0;
				TARGETED_DEVICE_FAMILY = "1,2";
				VALIDATE_PRODUCT = YES;
				VERSIONING_SYSTEM = "apple-generic";
				VERSION_INFO_PREFIX = "";
			};
			name = Release;
		};
		FBA6AB101AD3EC9F00721644 /* Debug */ = {
			isa = XCBuildConfiguration;
			buildSettings = {
				CLANG_ENABLE_MODULES = YES;
				"CODE_SIGN_IDENTITY[sdk=iphoneos*]" = "";
				DEFINES_MODULE = YES;
				DYLIB_COMPATIBILITY_VERSION = 1;
				DYLIB_CURRENT_VERSION = 1;
				DYLIB_INSTALL_NAME_BASE = "@rpath";
				INFOPLIST_FILE = RichEditorView/Info.plist;
				LD_RUNPATH_SEARCH_PATHS = "$(inherited) @executable_path/Frameworks @loader_path/Frameworks";
				PRODUCT_BUNDLE_IDENTIFIER = "com.cjwirth.$(PRODUCT_NAME:rfc1034identifier)";
				PRODUCT_NAME = "$(TARGET_NAME)";
				SKIP_INSTALL = YES;
				SWIFT_OPTIMIZATION_LEVEL = "-Onone";
			};
			name = Debug;
		};
		FBA6AB111AD3EC9F00721644 /* Release */ = {
			isa = XCBuildConfiguration;
			buildSettings = {
				CLANG_ENABLE_MODULES = YES;
				"CODE_SIGN_IDENTITY[sdk=iphoneos*]" = "";
				DEFINES_MODULE = YES;
				DYLIB_COMPATIBILITY_VERSION = 1;
				DYLIB_CURRENT_VERSION = 1;
				DYLIB_INSTALL_NAME_BASE = "@rpath";
				INFOPLIST_FILE = RichEditorView/Info.plist;
				LD_RUNPATH_SEARCH_PATHS = "$(inherited) @executable_path/Frameworks @loader_path/Frameworks";
				PRODUCT_BUNDLE_IDENTIFIER = "com.cjwirth.$(PRODUCT_NAME:rfc1034identifier)";
				PRODUCT_NAME = "$(TARGET_NAME)";
				SKIP_INSTALL = YES;
			};
			name = Release;
		};
		FBA6AB131AD3EC9F00721644 /* Debug */ = {
			isa = XCBuildConfiguration;
			buildSettings = {
				DEVELOPMENT_TEAM = XATA46WWFJ;
				GCC_PREPROCESSOR_DEFINITIONS = (
					"DEBUG=1",
					"$(inherited)",
				);
				INFOPLIST_FILE = RichEditorViewTests/Info.plist;
				LD_RUNPATH_SEARCH_PATHS = "$(inherited) @executable_path/Frameworks @loader_path/Frameworks";
				PRODUCT_BUNDLE_IDENTIFIER = "com.cjwirth.$(PRODUCT_NAME:rfc1034identifier)";
				PRODUCT_NAME = "$(TARGET_NAME)";
				SWIFT_VERSION = 5.0;
			};
			name = Debug;
		};
		FBA6AB141AD3EC9F00721644 /* Release */ = {
			isa = XCBuildConfiguration;
			buildSettings = {
				DEVELOPMENT_TEAM = XATA46WWFJ;
				INFOPLIST_FILE = RichEditorViewTests/Info.plist;
				LD_RUNPATH_SEARCH_PATHS = "$(inherited) @executable_path/Frameworks @loader_path/Frameworks";
				PRODUCT_BUNDLE_IDENTIFIER = "com.cjwirth.$(PRODUCT_NAME:rfc1034identifier)";
				PRODUCT_NAME = "$(TARGET_NAME)";
				SWIFT_VERSION = 5.0;
			};
			name = Release;
		};
/* End XCBuildConfiguration section */

/* Begin XCConfigurationList section */
		FBA6AAF31AD3EC9F00721644 /* Build configuration list for PBXProject "RichEditorView" */ = {
			isa = XCConfigurationList;
			buildConfigurations = (
				FBA6AB0D1AD3EC9F00721644 /* Debug */,
				FBA6AB0E1AD3EC9F00721644 /* Release */,
			);
			defaultConfigurationIsVisible = 0;
			defaultConfigurationName = Release;
		};
		FBA6AB0F1AD3EC9F00721644 /* Build configuration list for PBXNativeTarget "RichEditorView" */ = {
			isa = XCConfigurationList;
			buildConfigurations = (
				FBA6AB101AD3EC9F00721644 /* Debug */,
				FBA6AB111AD3EC9F00721644 /* Release */,
			);
			defaultConfigurationIsVisible = 0;
			defaultConfigurationName = Release;
		};
		FBA6AB121AD3EC9F00721644 /* Build configuration list for PBXNativeTarget "RichEditorViewTests" */ = {
			isa = XCConfigurationList;
			buildConfigurations = (
				FBA6AB131AD3EC9F00721644 /* Debug */,
				FBA6AB141AD3EC9F00721644 /* Release */,
			);
			defaultConfigurationIsVisible = 0;
			defaultConfigurationName = Release;
		};
/* End XCConfigurationList section */
	};
	rootObject = FBA6AAF01AD3EC9F00721644 /* Project object */;
}
